
Microsoft Visual Studio Solution File, Format Version 12.00
# Visual Studio 15
VisualStudioVersion = 15.0.28307.168
MinimumVisualStudioVersion = 10.0.40219.1
Project("{FAE04EC0-301F-11D3-BF4B-00C04F79EFBC}") = "MulticlassClassification_Mnist", "MulticlassClassification_Mnist\MulticlassClassification_Mnist.csproj", "{392B47E7-C85F-4A03-8073-056A0A738FE5}"
EndProject
Global
	GlobalSection(SolutionConfigurationPlatforms) = preSolution
		Debug|Any CPU = Debug|Any CPU
		Release|Any CPU = Release|Any CPU
	EndGlobalSection
	GlobalSection(ProjectConfigurationPlatforms) = postSolution
		{392B47E7-C85F-4A03-8073-056A0A738FE5}.Debug|Any CPU.ActiveCfg = Debug|Any CPU
		{392B47E7-C85F-4A03-8073-056A0A738FE5}.Debug|Any CPU.Build.0 = Debug|Any CPU
		{392B47E7-C85F-4A03-8073-056A0A738FE5}.Release|Any CPU.ActiveCfg = Release|Any CPU
		{392B47E7-C85F-4A03-8073-056A0A738FE5}.Release|Any CPU.Build.0 = Release|Any CPU
	EndGlobalSection
	GlobalSection(SolutionProperties) = preSolution
		HideSolutionNode = FALSE
	EndGlobalSection
	GlobalSection(ExtensibilityGlobals) = postSolution
		SolutionGuid = {E0790ECA-2C8F-4AB2-B683-AA7AAF0C0D4D}
	EndGlobalSection
EndGlobal
