
Microsoft Visual Studio Solution File, Format Version 12.00
# Visual Studio 15
VisualStudioVersion = 15.0.28307.168
MinimumVisualStudioVersion = 10.0.40219.1
Project("{FAE04EC0-301F-11D3-BF4B-00C04F79EFBC}") = "BinaryClassification_Figure", "BinaryClassification_Figure\BinaryClassification_Figure.csproj", "{08F761D1-1BF9-4D3F-98B5-EE0E877D5747}"
EndProject
Project("{9A19103F-16F7-4668-BE54-9A1E7A4F7556}") = "MakeData", "MakeData\MakeData.csproj", "{CFF87AA8-CA84-45F6-A05C-9ED8ED5B7E77}"
EndProject
Global
	GlobalSection(SolutionConfigurationPlatforms) = preSolution
		Debug|Any CPU = Debug|Any CPU
		Release|Any CPU = Release|Any CPU
	EndGlobalSection
	GlobalSection(ProjectConfigurationPlatforms) = postSolution
		{08F761D1-1BF9-4D3F-98B5-EE0E877D5747}.Debug|Any CPU.ActiveCfg = Debug|Any CPU
		{08F761D1-1BF9-4D3F-98B5-EE0E877D5747}.Debug|Any CPU.Build.0 = Debug|Any CPU
		{08F761D1-1BF9-4D3F-98B5-EE0E877D5747}.Release|Any CPU.ActiveCfg = Release|Any CPU
		{08F761D1-1BF9-4D3F-98B5-EE0E877D5747}.Release|Any CPU.Build.0 = Release|Any CPU
		{CFF87AA8-CA84-45F6-A05C-9ED8ED5B7E77}.Debug|Any CPU.ActiveCfg = Debug|Any CPU
		{CFF87AA8-CA84-45F6-A05C-9ED8ED5B7E77}.Debug|Any CPU.Build.0 = Debug|Any CPU
		{CFF87AA8-CA84-45F6-A05C-9ED8ED5B7E77}.Release|Any CPU.ActiveCfg = Release|Any CPU
		{CFF87AA8-CA84-45F6-A05C-9ED8ED5B7E77}.Release|Any CPU.Build.0 = Release|Any CPU
	EndGlobalSection
	GlobalSection(SolutionProperties) = preSolution
		HideSolutionNode = FALSE
	EndGlobalSection
	GlobalSection(ExtensibilityGlobals) = postSolution
		SolutionGuid = {1AB880DC-10F4-44A2-9055-729DF05F5820}
	EndGlobalSection
EndGlobal
