
Microsoft Visual Studio Solution File, Format Version 12.00
# Visual Studio 15
VisualStudioVersion = 15.0.28307.168
MinimumVisualStudioVersion = 10.0.40219.1
Project("{FAE04EC0-301F-11D3-BF4B-00C04F79EFBC}") = "Regression_WineQuality", "Regression_WineQuality\Regression_WineQuality.csproj", "{3DB79C58-2D05-481E-A12F-18E68C70E5B6}"
EndProject
Global
	GlobalSection(SolutionConfigurationPlatforms) = preSolution
		Debug|Any CPU = Debug|Any CPU
		Release|Any CPU = Release|Any CPU
	EndGlobalSection
	GlobalSection(ProjectConfigurationPlatforms) = postSolution
		{3DB79C58-2D05-481E-A12F-18E68C70E5B6}.Debug|Any CPU.ActiveCfg = Debug|Any CPU
		{3DB79C58-2D05-481E-A12F-18E68C70E5B6}.Debug|Any CPU.Build.0 = Debug|Any CPU
		{3DB79C58-2D05-481E-A12F-18E68C70E5B6}.Release|Any CPU.ActiveCfg = Release|Any CPU
		{3DB79C58-2D05-481E-A12F-18E68C70E5B6}.Release|Any CPU.Build.0 = Release|Any CPU
	EndGlobalSection
	GlobalSection(SolutionProperties) = preSolution
		HideSolutionNode = FALSE
	EndGlobalSection
	GlobalSection(ExtensibilityGlobals) = postSolution
		SolutionGuid = {F9F2B63C-C537-4C2B-B7FA-58D8B5B46579}
	EndGlobalSection
EndGlobal
