
Microsoft Visual Studio Solution File, Format Version 12.00
# Visual Studio 15
VisualStudioVersion = 15.0.28307.168
MinimumVisualStudioVersion = 10.0.40219.1
Project("{FAE04EC0-301F-11D3-BF4B-00C04F79EFBC}") = "TensorFlow_ImageClassification", "TensorFlow_ImageClassification\TensorFlow_ImageClassification.csproj", "{361AE9A2-93F6-42E7-BABA-A9AE36DF88F9}"
EndProject
Global
	GlobalSection(SolutionConfigurationPlatforms) = preSolution
		Debug|Any CPU = Debug|Any CPU
		Release|Any CPU = Release|Any CPU
	EndGlobalSection
	GlobalSection(ProjectConfigurationPlatforms) = postSolution
		{361AE9A2-93F6-42E7-BABA-A9AE36DF88F9}.Debug|Any CPU.ActiveCfg = Debug|Any CPU
		{361AE9A2-93F6-42E7-BABA-A9AE36DF88F9}.Debug|Any CPU.Build.0 = Debug|Any CPU
		{361AE9A2-93F6-42E7-BABA-A9AE36DF88F9}.Release|Any CPU.ActiveCfg = Release|Any CPU
		{361AE9A2-93F6-42E7-BABA-A9AE36DF88F9}.Release|Any CPU.Build.0 = Release|Any CPU
	EndGlobalSection
	GlobalSection(SolutionProperties) = preSolution
		HideSolutionNode = FALSE
	EndGlobalSection
	GlobalSection(ExtensibilityGlobals) = postSolution
		SolutionGuid = {D0ADA265-C1B2-459D-B3C1-A5A38A8BF834}
	EndGlobalSection
EndGlobal
